{
  "nodes": {
    "disko": {
      "inputs": {
        "nixpkgs": [
          "nixpkgs"
        ]
      },
      "locked": {
        "lastModified": 1699781810,
        "narHash": "sha256-LD+PIUbm1yQmQmGIbSsc/PB1dtJtGqXFgxRc1C7LlfQ=",
        "owner": "nix-community",
        "repo": "disko",
        "rev": "2d7d77878c5d70f66f3d676ff66708d8d4f9d7df",
        "type": "github"
      },
      "original": {
        "owner": "nix-community",
        "repo": "disko",
        "type": "github"
      }
    },
    "flake-utils": {
      "inputs": {
        "systems": "systems"
      },
      "locked": {
        "lastModified": 1694529238,
        "narHash": "sha256-zsNZZGTGnMOf9YpHKJqMSsa0dXbfmxeoJ7xHlrt+xmY=",
        "owner": "numtide",
        "repo": "flake-utils",
        "rev": "ff7b65b44d01cf9ba6a71320833626af21126384",
        "type": "github"
      },
      "original": {
        "owner": "numtide",
        "repo": "flake-utils",
        "type": "github"
      }
    },
    "ghaf": {
      "inputs": {
        "flake-utils": [
          "flake-utils"
        ],
        "jetpack-nixos": "jetpack-nixos",
        "microvm": "microvm",
        "nixos-generators": "nixos-generators",
        "nixos-hardware": [
          "nixos-hardware"
        ],
        "nixpkgs": [
          "nixpkgs"
        ]
      },
      "locked": {
        "lastModified": 1700035913,
        "narHash": "sha256-QZa/My68IjY15YAmJ0xE4KKwd6WJ5FeyjaYg8RQ09E4=",
        "owner": "remimimimimi",
        "repo": "ghaf",
        "rev": "898227fcef29988d7d1df91851acf71aa444e995",
        "type": "github"
      },
      "original": {
        "owner": "remimimimimi",
        "ref": "new-installation-approach",
        "repo": "ghaf",
        "type": "github"
      }
    },
    "jetpack-nixos": {
      "inputs": {
        "nixpkgs": [
          "ghaf",
          "nixpkgs"
        ]
      },
      "locked": {
        "lastModified": 1696896978,
        "narHash": "sha256-HsuCxrrNr7B9JsOTxPKaFeUt9K0L6OohKz9HJOZv5LE=",
        "owner": "anduril",
        "repo": "jetpack-nixos",
        "rev": "790019e42cb971e4ad0efb3ecb7b2a03fca4f8a9",
        "type": "github"
      },
      "original": {
        "owner": "anduril",
        "repo": "jetpack-nixos",
        "type": "github"
      }
    },
    "microvm": {
      "inputs": {
        "flake-utils": [
          "ghaf",
          "flake-utils"
        ],
        "nixpkgs": [
          "ghaf",
          "nixpkgs"
        ]
      },
      "locked": {
        "lastModified": 1696405736,
        "narHash": "sha256-Wb8qSpePi/cSLOGr9YStiU4F4w6KyycDlyHXNI8U3xA=",
        "owner": "astro",
        "repo": "microvm.nix",
        "rev": "abd63123e2b2dbc34d1ac38a73578b27ec9ef342",
        "type": "github"
      },
      "original": {
        "owner": "astro",
        "repo": "microvm.nix",
        "type": "github"
      }
    },
    "nixlib": {
      "locked": {
        "lastModified": 1693701915,
        "narHash": "sha256-waHPLdDYUOHSEtMKKabcKIMhlUOHPOOPQ9UyFeEoovs=",
        "owner": "nix-community",
        "repo": "nixpkgs.lib",
        "rev": "f5af57d3ef9947a70ac86e42695231ac1ad00c25",
        "type": "github"
      },
      "original": {
        "owner": "nix-community",
        "repo": "nixpkgs.lib",
        "type": "github"
      }
    },
    "nixlib_2": {
      "locked": {
        "lastModified": 1693701915,
        "narHash": "sha256-waHPLdDYUOHSEtMKKabcKIMhlUOHPOOPQ9UyFeEoovs=",
        "owner": "nix-community",
        "repo": "nixpkgs.lib",
        "rev": "f5af57d3ef9947a70ac86e42695231ac1ad00c25",
        "type": "github"
      },
      "original": {
        "owner": "nix-community",
        "repo": "nixpkgs.lib",
        "type": "github"
      }
    },
    "nixos-generators": {
      "inputs": {
        "nixlib": "nixlib",
        "nixpkgs": [
          "ghaf",
          "nixpkgs"
        ]
      },
      "locked": {
        "lastModified": 1693791338,
        "narHash": "sha256-wHmtB5H8AJTUaeGHw+0hsQ6nU4VyvVrP2P4NeCocRzY=",
        "owner": "nix-community",
        "repo": "nixos-generators",
        "rev": "8ee78470029e641cddbd8721496da1316b47d3b4",
        "type": "github"
      },
      "original": {
        "owner": "nix-community",
        "repo": "nixos-generators",
        "type": "github"
      }
    },
    "nixos-generators_2": {
      "inputs": {
        "nixlib": "nixlib_2",
        "nixpkgs": [
          "nixpkgs"
        ]
      },
      "locked": {
        "lastModified": 1696058303,
        "narHash": "sha256-eNqKWpF5zG0SrgbbtljFOrRgFgRzCc4++TMFADBMLnc=",
        "owner": "nix-community",
        "repo": "nixos-generators",
        "rev": "150f38bd1e09e20987feacb1b0d5991357532fb5",
        "type": "github"
      },
      "original": {
        "owner": "nix-community",
        "repo": "nixos-generators",
        "type": "github"
      }
    },
    "nixos-hardware": {
      "locked": {
        "lastModified": 1699997707,
        "narHash": "sha256-ugb+1TGoOqqiy3axyEZpfF6T4DQUGjfWZ3Htry1EfvI=",
        "owner": "nixos",
        "repo": "nixos-hardware",
        "rev": "5689f3ebf899f644a1aabe8774d4f37eb2f6c2f9",
        "type": "github"
      },
      "original": {
        "owner": "nixos",
        "repo": "nixos-hardware",
        "type": "github"
      }
    },
    "nixpkgs": {
      "locked": {
        "lastModified": 1699596684,
        "narHash": "sha256-XSXP8zjBZJBVvpNb2WmY0eW8O2ce+sVyj1T0/iBRIvg=",
        "owner": "nixos",
        "repo": "nixpkgs",
        "rev": "da4024d0ead5d7820f6bd15147d3fe2a0c0cec73",
        "type": "github"
      },
      "original": {
        "owner": "nixos",
        "ref": "nixos-23.05",
        "repo": "nixpkgs",
        "type": "github"
      }
    },
    "root": {
      "inputs": {
        "disko": "disko",
        "flake-utils": "flake-utils",
        "ghaf": "ghaf",
        "nixos-generators": "nixos-generators_2",
        "nixos-hardware": "nixos-hardware",
        "nixpkgs": "nixpkgs"
      }
    },
    "systems": {
      "locked": {
        "lastModified": 1681028828,
        "narHash": "sha256-Vy1rq5AaRuLzOxct8nz4T6wlgyUR7zLU309k9mBC768=",
        "owner": "nix-systems",
        "repo": "default",
        "rev": "da67096a3b9bf56a91d16901293e51ba5b49a27e",
        "type": "github"
      },
      "original": {
        "owner": "nix-systems",
        "repo": "default",
        "type": "github"
      }
    }
  },
  "root": "root",
  "version": 7
}
